
Microsoft Visual Studio Solution File, Format Version 12.00
# Visual Studio Version 17
VisualStudioVersion = 17.1.32319.34
MinimumVisualStudioVersion = 10.0.40219.1
Project("{FAE04EC0-301F-11D3-BF4B-00C04F79EFBC}") = "FactoryMethod", "FactoryMethod\FactoryMethod.csproj", "{DD887D44-CE9D-41C4-A570-173C9C244C0E}"
EndProject
Global
	GlobalSection(SolutionConfigurationPlatforms) = preSolution
		Debug|Any CPU = Debug|Any CPU
		Release|Any CPU = Release|Any CPU
	EndGlobalSection
	GlobalSection(ProjectConfigurationPlatforms) = postSolution
		{DD887D44-CE9D-41C4-A570-173C9C244C0E}.Debug|Any CPU.ActiveCfg = Debug|Any CPU
		{DD887D44-CE9D-41C4-A570-173C9C244C0E}.Debug|Any CPU.Build.0 = Debug|Any CPU
		{DD887D44-CE9D-41C4-A570-173C9C244C0E}.Release|Any CPU.ActiveCfg = Release|Any CPU
		{DD887D44-CE9D-41C4-A570-173C9C244C0E}.Release|Any CPU.Build.0 = Release|Any CPU
	EndGlobalSection
	GlobalSection(SolutionProperties) = preSolution
		HideSolutionNode = FALSE
	EndGlobalSection
	GlobalSection(ExtensibilityGlobals) = postSolution
		SolutionGuid = {86BAA3A5-03C1-4544-87E3-CE2E923CF8B7}
	EndGlobalSection
EndGlobal
