
Microsoft Visual Studio Solution File, Format Version 12.00
# Visual Studio Version 17
VisualStudioVersion = 17.1.32319.34
MinimumVisualStudioVersion = 10.0.40219.1
Project("{FAE04EC0-301F-11D3-BF4B-00C04F79EFBC}") = "Decorator", "Decorator\Decorator.csproj", "{DA775B2B-09E4-4ABA-9D35-147C1288D074}"
EndProject
Global
	GlobalSection(SolutionConfigurationPlatforms) = preSolution
		Debug|Any CPU = Debug|Any CPU
		Release|Any CPU = Release|Any CPU
	EndGlobalSection
	GlobalSection(ProjectConfigurationPlatforms) = postSolution
		{DA775B2B-09E4-4ABA-9D35-147C1288D074}.Debug|Any CPU.ActiveCfg = Debug|Any CPU
		{DA775B2B-09E4-4ABA-9D35-147C1288D074}.Debug|Any CPU.Build.0 = Debug|Any CPU
		{DA775B2B-09E4-4ABA-9D35-147C1288D074}.Release|Any CPU.ActiveCfg = Release|Any CPU
		{DA775B2B-09E4-4ABA-9D35-147C1288D074}.Release|Any CPU.Build.0 = Release|Any CPU
	EndGlobalSection
	GlobalSection(SolutionProperties) = preSolution
		HideSolutionNode = FALSE
	EndGlobalSection
	GlobalSection(ExtensibilityGlobals) = postSolution
		SolutionGuid = {F3F6EDA3-DF5C-4194-A327-B2C0FB4C803D}
	EndGlobalSection
EndGlobal
